// !$*UTF8*$!
{
	archiveVersion = 1;
	classes = {
	};
	objectVersion = 56;
	objects = {

/* Begin PBXBuildFile section */
		64B8CAA9299E084100A97743 /* AppDelegate.swift in Sources */ = {isa = PBXBuildFile; fileRef = 64B8CAA8299E084100A97743 /* AppDelegate.swift */; };
		64B8CAAB299E084100A97743 /* SceneDelegate.swift in Sources */ = {isa = PBXBuildFile; fileRef = 64B8CAAA299E084100A97743 /* SceneDelegate.swift */; };
		64B8CAAD299E084100A97743 /* RMTabBarController.swift in Sources */ = {isa = PBXBuildFile; fileRef = 64B8CAAC299E084100A97743 /* RMTabBarController.swift */; };
		64B8CAB2299E084200A97743 /* Assets.xcassets in Resources */ = {isa = PBXBuildFile; fileRef = 64B8CAB1299E084200A97743 /* Assets.xcassets */; };
		64B8CAB5299E084200A97743 /* LaunchScreen.storyboard in Resources */ = {isa = PBXBuildFile; fileRef = 64B8CAB3299E084200A97743 /* LaunchScreen.storyboard */; };
		64B8CAC4299E0CEA00A97743 /* RMLocation.swift in Sources */ = {isa = PBXBuildFile; fileRef = 64B8CAC3299E0CEA00A97743 /* RMLocation.swift */; };
		64B8CAC6299E0D0800A97743 /* RMCharacter.swift in Sources */ = {isa = PBXBuildFile; fileRef = 64B8CAC5299E0D0800A97743 /* RMCharacter.swift */; };
		64B8CAC8299E0D1F00A97743 /* RMEpisode.swift in Sources */ = {isa = PBXBuildFile; fileRef = 64B8CAC7299E0D1F00A97743 /* RMEpisode.swift */; };
		64B8CACB299E0DD800A97743 /* RMCharacterViewController.swift in Sources */ = {isa = PBXBuildFile; fileRef = 64B8CACA299E0DD800A97743 /* RMCharacterViewController.swift */; };
		64B8CACD299E0DF800A97743 /* RMLocationViewController.swift in Sources */ = {isa = PBXBuildFile; fileRef = 64B8CACC299E0DF800A97743 /* RMLocationViewController.swift */; };
		64B8CACF299E0E1200A97743 /* RMEpisodeViewController.swift in Sources */ = {isa = PBXBuildFile; fileRef = 64B8CACE299E0E1200A97743 /* RMEpisodeViewController.swift */; };
		64B8CAD1299E0E2400A97743 /* RMSettingsViewController.swift in Sources */ = {isa = PBXBuildFile; fileRef = 64B8CAD0299E0E2400A97743 /* RMSettingsViewController.swift */; };
/* End PBXBuildFile section */

/* Begin PBXFileReference section */
		64B8CAA5299E084100A97743 /* RickAndMorty.app */ = {isa = PBXFileReference; explicitFileType = wrapper.application; includeInIndex = 0; path = RickAndMorty.app; sourceTree = BUILT_PRODUCTS_DIR; };
		64B8CAA8299E084100A97743 /* AppDelegate.swift */ = {isa = PBXFileReference; lastKnownFileType = sourcecode.swift; path = AppDelegate.swift; sourceTree = "<group>"; };
		64B8CAAA299E084100A97743 /* SceneDelegate.swift */ = {isa = PBXFileReference; lastKnownFileType = sourcecode.swift; path = SceneDelegate.swift; sourceTree = "<group>"; };
		64B8CAAC299E084100A97743 /* RMTabBarController.swift */ = {isa = PBXFileReference; lastKnownFileType = sourcecode.swift; path = RMTabBarController.swift; sourceTree = "<group>"; };
		64B8CAB1299E084200A97743 /* Assets.xcassets */ = {isa = PBXFileReference; lastKnownFileType = folder.assetcatalog; path = Assets.xcassets; sourceTree = "<group>"; };
		64B8CAB4299E084200A97743 /* Base */ = {isa = PBXFileReference; lastKnownFileType = file.storyboard; name = Base; path = Base.lproj/LaunchScreen.storyboard; sourceTree = "<group>"; };
		64B8CAB6299E084200A97743 /* Info.plist */ = {isa = PBXFileReference; lastKnownFileType = text.plist.xml; path = Info.plist; sourceTree = "<group>"; };
		64B8CAC3299E0CEA00A97743 /* RMLocation.swift */ = {isa = PBXFileReference; lastKnownFileType = sourcecode.swift; path = RMLocation.swift; sourceTree = "<group>"; };
		64B8CAC5299E0D0800A97743 /* RMCharacter.swift */ = {isa = PBXFileReference; lastKnownFileType = sourcecode.swift; path = RMCharacter.swift; sourceTree = "<group>"; };
		64B8CAC7299E0D1F00A97743 /* RMEpisode.swift */ = {isa = PBXFileReference; lastKnownFileType = sourcecode.swift; path = RMEpisode.swift; sourceTree = "<group>"; };
		64B8CACA299E0DD800A97743 /* RMCharacterViewController.swift */ = {isa = PBXFileReference; lastKnownFileType = sourcecode.swift; path = RMCharacterViewController.swift; sourceTree = "<group>"; };
		64B8CACC299E0DF800A97743 /* RMLocationViewController.swift */ = {isa = PBXFileReference; lastKnownFileType = sourcecode.swift; path = RMLocationViewController.swift; sourceTree = "<group>"; };
		64B8CACE299E0E1200A97743 /* RMEpisodeViewController.swift */ = {isa = PBXFileReference; lastKnownFileType = sourcecode.swift; path = RMEpisodeViewController.swift; sourceTree = "<group>"; };
		64B8CAD0299E0E2400A97743 /* RMSettingsViewController.swift */ = {isa = PBXFileReference; lastKnownFileType = sourcecode.swift; path = RMSettingsViewController.swift; sourceTree = "<group>"; };
/* End PBXFileReference section */

/* Begin PBXFrameworksBuildPhase section */
		64B8CAA2299E084100A97743 /* Frameworks */ = {
			isa = PBXFrameworksBuildPhase;
			buildActionMask = 2147483647;
			files = (
			);
			runOnlyForDeploymentPostprocessing = 0;
		};
/* End PBXFrameworksBuildPhase section */

/* Begin PBXGroup section */
		64B8CA9C299E084100A97743 = {
			isa = PBXGroup;
			children = (
				64B8CAA7299E084100A97743 /* RickAndMorty */,
				64B8CAA6299E084100A97743 /* Products */,
			);
			sourceTree = "<group>";
		};
		64B8CAA6299E084100A97743 /* Products */ = {
			isa = PBXGroup;
			children = (
				64B8CAA5299E084100A97743 /* RickAndMorty.app */,
			);
			name = Products;
			sourceTree = "<group>";
		};
		64B8CAA7299E084100A97743 /* RickAndMorty */ = {
			isa = PBXGroup;
			children = (
				64B8CAC2299E0AEF00A97743 /* Resources */,
				64B8CAC1299E0AE000A97743 /* Managers */,
				64B8CAC0299E0AC300A97743 /* APIClient */,
				64B8CABF299E0AA600A97743 /* ViewModels */,
				64B8CABE299E0A9700A97743 /* Views */,
				64B8CABD299E0A8F00A97743 /* Models */,
				64B8CABC299E0A8400A97743 /* Controllers */,
				64B8CAB6299E084200A97743 /* Info.plist */,
			);
			path = RickAndMorty;
			sourceTree = "<group>";
		};
		64B8CABC299E0A8400A97743 /* Controllers */ = {
			isa = PBXGroup;
			children = (
				64B8CAC9299E0D9D00A97743 /* Core */,
			);
			path = Controllers;
			sourceTree = "<group>";
		};
		64B8CABD299E0A8F00A97743 /* Models */ = {
			isa = PBXGroup;
			children = (
				64B8CAC3299E0CEA00A97743 /* RMLocation.swift */,
				64B8CAC5299E0D0800A97743 /* RMCharacter.swift */,
				64B8CAC7299E0D1F00A97743 /* RMEpisode.swift */,
			);
			path = Models;
			sourceTree = "<group>";
		};
		64B8CABE299E0A9700A97743 /* Views */ = {
			isa = PBXGroup;
			children = (
			);
			path = Views;
			sourceTree = "<group>";
		};
		64B8CABF299E0AA600A97743 /* ViewModels */ = {
			isa = PBXGroup;
			children = (
			);
			path = ViewModels;
			sourceTree = "<group>";
		};
		64B8CAC0299E0AC300A97743 /* APIClient */ = {
			isa = PBXGroup;
			children = (
			);
			path = APIClient;
			sourceTree = "<group>";
		};
		64B8CAC1299E0AE000A97743 /* Managers */ = {
			isa = PBXGroup;
			children = (
			);
			path = Managers;
			sourceTree = "<group>";
		};
		64B8CAC2299E0AEF00A97743 /* Resources */ = {
			isa = PBXGroup;
			children = (
				64B8CAA8299E084100A97743 /* AppDelegate.swift */,
				64B8CAAA299E084100A97743 /* SceneDelegate.swift */,
				64B8CAB1299E084200A97743 /* Assets.xcassets */,
				64B8CAB3299E084200A97743 /* LaunchScreen.storyboard */,
			);
			path = Resources;
			sourceTree = "<group>";
		};
		64B8CAC9299E0D9D00A97743 /* Core */ = {
			isa = PBXGroup;
			children = (
				64B8CAAC299E084100A97743 /* RMTabBarController.swift */,
				64B8CACA299E0DD800A97743 /* RMCharacterViewController.swift */,
				64B8CACC299E0DF800A97743 /* RMLocationViewController.swift */,
				64B8CACE299E0E1200A97743 /* RMEpisodeViewController.swift */,
				64B8CAD0299E0E2400A97743 /* RMSettingsViewController.swift */,
			);
			path = Core;
			sourceTree = "<group>";
		};
/* End PBXGroup section */

/* Begin PBXNativeTarget section */
		64B8CAA4299E084100A97743 /* RickAndMorty */ = {
			isa = PBXNativeTarget;
			buildConfigurationList = 64B8CAB9299E084200A97743 /* Build configuration list for PBXNativeTarget "RickAndMorty" */;
			buildPhases = (
				64B8CAA1299E084100A97743 /* Sources */,
				64B8CAA2299E084100A97743 /* Frameworks */,
				64B8CAA3299E084100A97743 /* Resources */,
			);
			buildRules = (
			);
			dependencies = (
			);
			name = RickAndMorty;
			productName = RickAndMorty;
			productReference = 64B8CAA5299E084100A97743 /* RickAndMorty.app */;
			productType = "com.apple.product-type.application";
		};
/* End PBXNativeTarget section */

/* Begin PBXProject section */
		64B8CA9D299E084100A97743 /* Project object */ = {
			isa = PBXProject;
			attributes = {
				BuildIndependentTargetsInParallel = 1;
				LastSwiftUpdateCheck = 1420;
				LastUpgradeCheck = 1420;
				TargetAttributes = {
					64B8CAA4299E084100A97743 = {
						CreatedOnToolsVersion = 14.2;
					};
				};
			};
			buildConfigurationList = 64B8CAA0299E084100A97743 /* Build configuration list for PBXProject "RickAndMorty" */;
			compatibilityVersion = "Xcode 14.0";
			developmentRegion = en;
			hasScannedForEncodings = 0;
			knownRegions = (
				en,
				Base,
			);
			mainGroup = 64B8CA9C299E084100A97743;
			productRefGroup = 64B8CAA6299E084100A97743 /* Products */;
			projectDirPath = "";
			projectRoot = "";
			targets = (
				64B8CAA4299E084100A97743 /* RickAndMorty */,
			);
		};
/* End PBXProject section */

/* Begin PBXResourcesBuildPhase section */
		64B8CAA3299E084100A97743 /* Resources */ = {
			isa = PBXResourcesBuildPhase;
			buildActionMask = 2147483647;
			files = (
				64B8CAB5299E084200A97743 /* LaunchScreen.storyboard in Resources */,
				64B8CAB2299E084200A97743 /* Assets.xcassets in Resources */,
			);
			runOnlyForDeploymentPostprocessing = 0;
		};
/* End PBXResourcesBuildPhase section */

/* Begin PBXSourcesBuildPhase section */
		64B8CAA1299E084100A97743 /* Sources */ = {
			isa = PBXSourcesBuildPhase;
			buildActionMask = 2147483647;
			files = (
				64B8CACD299E0DF800A97743 /* RMLocationViewController.swift in Sources */,
				64B8CAC8299E0D1F00A97743 /* RMEpisode.swift in Sources */,
				64B8CAAD299E084100A97743 /* RMTabBarController.swift in Sources */,
				64B8CACF299E0E1200A97743 /* RMEpisodeViewController.swift in Sources */,
				64B8CAA9299E084100A97743 /* AppDelegate.swift in Sources */,
				64B8CAAB299E084100A97743 /* SceneDelegate.swift in Sources */,
				64B8CAD1299E0E2400A97743 /* RMSettingsViewController.swift in Sources */,
				64B8CAC4299E0CEA00A97743 /* RMLocation.swift in Sources */,
				64B8CAC6299E0D0800A97743 /* RMCharacter.swift in Sources */,
				64B8CACB299E0DD800A97743 /* RMCharacterViewController.swift in Sources */,
			);
			runOnlyForDeploymentPostprocessing = 0;
		};
/* End PBXSourcesBuildPhase section */

/* Begin PBXVariantGroup section */
		64B8CAB3299E084200A97743 /* LaunchScreen.storyboard */ = {
			isa = PBXVariantGroup;
			children = (
				64B8CAB4299E084200A97743 /* Base */,
			);
			name = LaunchScreen.storyboard;
			sourceTree = "<group>";
		};
/* End PBXVariantGroup section */

/* Begin XCBuildConfiguration section */
		64B8CAB7299E084200A97743 /* Debug */ = {
			isa = XCBuildConfiguration;
			buildSettings = {
				ALWAYS_SEARCH_USER_PATHS = NO;
				CLANG_ANALYZER_NONNULL = YES;
				CLANG_ANALYZER_NUMBER_OBJECT_CONVERSION = YES_AGGRESSIVE;
				CLANG_CXX_LANGUAGE_STANDARD = "gnu++20";
				CLANG_ENABLE_MODULES = YES;
				CLANG_ENABLE_OBJC_ARC = YES;
				CLANG_ENABLE_OBJC_WEAK = YES;
				CLANG_WARN_BLOCK_CAPTURE_AUTORELEASING = YES;
				CLANG_WARN_BOOL_CONVERSION = YES;
				CLANG_WARN_COMMA = YES;
				CLANG_WARN_CONSTANT_CONVERSION = YES;
				CLANG_WARN_DEPRECATED_OBJC_IMPLEMENTATIONS = YES;
				CLANG_WARN_DIRECT_OBJC_ISA_USAGE = YES_ERROR;
				CLANG_WARN_DOCUMENTATION_COMMENTS = YES;
				CLANG_WARN_EMPTY_BODY = YES;
				CLANG_WARN_ENUM_CONVERSION = YES;
				CLANG_WARN_INFINITE_RECURSION = YES;
				CLANG_WARN_INT_CONVERSION = YES;
				CLANG_WARN_NON_LITERAL_NULL_CONVERSION = YES;
				CLANG_WARN_OBJC_IMPLICIT_RETAIN_SELF = YES;
				CLANG_WARN_OBJC_LITERAL_CONVERSION = YES;
				CLANG_WARN_OBJC_ROOT_CLASS = YES_ERROR;
				CLANG_WARN_QUOTED_INCLUDE_IN_FRAMEWORK_HEADER = YES;
				CLANG_WARN_RANGE_LOOP_ANALYSIS = YES;
				CLANG_WARN_STRICT_PROTOTYPES = YES;
				CLANG_WARN_SUSPICIOUS_MOVE = YES;
				CLANG_WARN_UNGUARDED_AVAILABILITY = YES_AGGRESSIVE;
				CLANG_WARN_UNREACHABLE_CODE = YES;
				CLANG_WARN__DUPLICATE_METHOD_MATCH = YES;
				COPY_PHASE_STRIP = NO;
				DEBUG_INFORMATION_FORMAT = dwarf;
				ENABLE_STRICT_OBJC_MSGSEND = YES;
				ENABLE_TESTABILITY = YES;
				GCC_C_LANGUAGE_STANDARD = gnu11;
				GCC_DYNAMIC_NO_PIC = NO;
				GCC_NO_COMMON_BLOCKS = YES;
				GCC_OPTIMIZATION_LEVEL = 0;
				GCC_PREPROCESSOR_DEFINITIONS = (
					"DEBUG=1",
					"$(inherited)",
				);
				GCC_WARN_64_TO_32_BIT_CONVERSION = YES;
				GCC_WARN_ABOUT_RETURN_TYPE = YES_ERROR;
				GCC_WARN_UNDECLARED_SELECTOR = YES;
				GCC_WARN_UNINITIALIZED_AUTOS = YES_AGGRESSIVE;
				GCC_WARN_UNUSED_FUNCTION = YES;
				GCC_WARN_UNUSED_VARIABLE = YES;
				IPHONEOS_DEPLOYMENT_TARGET = 16.2;
				MTL_ENABLE_DEBUG_INFO = INCLUDE_SOURCE;
				MTL_FAST_MATH = YES;
				ONLY_ACTIVE_ARCH = YES;
				SDKROOT = iphoneos;
				SWIFT_ACTIVE_COMPILATION_CONDITIONS = DEBUG;
				SWIFT_OPTIMIZATION_LEVEL = "-Onone";
			};
			name = Debug;
		};
		64B8CAB8299E084200A97743 /* Release */ = {
			isa = XCBuildConfiguration;
			buildSettings = {
				ALWAYS_SEARCH_USER_PATHS = NO;
				CLANG_ANALYZER_NONNULL = YES;
				CLANG_ANALYZER_NUMBER_OBJECT_CONVERSION = YES_AGGRESSIVE;
				CLANG_CXX_LANGUAGE_STANDARD = "gnu++20";
				CLANG_ENABLE_MODULES = YES;
				CLANG_ENABLE_OBJC_ARC = YES;
				CLANG_ENABLE_OBJC_WEAK = YES;
				CLANG_WARN_BLOCK_CAPTURE_AUTORELEASING = YES;
				CLANG_WARN_BOOL_CONVERSION = YES;
				CLANG_WARN_COMMA = YES;
				CLANG_WARN_CONSTANT_CONVERSION = YES;
				CLANG_WARN_DEPRECATED_OBJC_IMPLEMENTATIONS = YES;
				CLANG_WARN_DIRECT_OBJC_ISA_USAGE = YES_ERROR;
				CLANG_WARN_DOCUMENTATION_COMMENTS = YES;
				CLANG_WARN_EMPTY_BODY = YES;
				CLANG_WARN_ENUM_CONVERSION = YES;
				CLANG_WARN_INFINITE_RECURSION = YES;
				CLANG_WARN_INT_CONVERSION = YES;
				CLANG_WARN_NON_LITERAL_NULL_CONVERSION = YES;
				CLANG_WARN_OBJC_IMPLICIT_RETAIN_SELF = YES;
				CLANG_WARN_OBJC_LITERAL_CONVERSION = YES;
				CLANG_WARN_OBJC_ROOT_CLASS = YES_ERROR;
				CLANG_WARN_QUOTED_INCLUDE_IN_FRAMEWORK_HEADER = YES;
				CLANG_WARN_RANGE_LOOP_ANALYSIS = YES;
				CLANG_WARN_STRICT_PROTOTYPES = YES;
				CLANG_WARN_SUSPICIOUS_MOVE = YES;
				CLANG_WARN_UNGUARDED_AVAILABILITY = YES_AGGRESSIVE;
				CLANG_WARN_UNREACHABLE_CODE = YES;
				CLANG_WARN__DUPLICATE_METHOD_MATCH = YES;
				COPY_PHASE_STRIP = NO;
				DEBUG_INFORMATION_FORMAT = "dwarf-with-dsym";
				ENABLE_NS_ASSERTIONS = NO;
				ENABLE_STRICT_OBJC_MSGSEND = YES;
				GCC_C_LANGUAGE_STANDARD = gnu11;
				GCC_NO_COMMON_BLOCKS = YES;
				GCC_WARN_64_TO_32_BIT_CONVERSION = YES;
				GCC_WARN_ABOUT_RETURN_TYPE = YES_ERROR;
				GCC_WARN_UNDECLARED_SELECTOR = YES;
				GCC_WARN_UNINITIALIZED_AUTOS = YES_AGGRESSIVE;
				GCC_WARN_UNUSED_FUNCTION = YES;
				GCC_WARN_UNUSED_VARIABLE = YES;
				IPHONEOS_DEPLOYMENT_TARGET = 16.2;
				MTL_ENABLE_DEBUG_INFO = NO;
				MTL_FAST_MATH = YES;
				SDKROOT = iphoneos;
				SWIFT_COMPILATION_MODE = wholemodule;
				SWIFT_OPTIMIZATION_LEVEL = "-O";
				VALIDATE_PRODUCT = YES;
			};
			name = Release;
		};
		64B8CABA299E084200A97743 /* Debug */ = {
			isa = XCBuildConfiguration;
			buildSettings = {
				ASSETCATALOG_COMPILER_APPICON_NAME = AppIcon;
				ASSETCATALOG_COMPILER_GLOBAL_ACCENT_COLOR_NAME = AccentColor;
				CODE_SIGN_STYLE = Automatic;
				CURRENT_PROJECT_VERSION = 1;
				DEVELOPMENT_TEAM = 4AVA4LXVKJ;
				GENERATE_INFOPLIST_FILE = YES;
				INFOPLIST_FILE = RickAndMorty/Info.plist;
				INFOPLIST_KEY_UIApplicationSupportsIndirectInputEvents = YES;
				INFOPLIST_KEY_UILaunchStoryboardName = LaunchScreen;
				INFOPLIST_KEY_UISupportedInterfaceOrientations_iPad = "UIInterfaceOrientationPortrait UIInterfaceOrientationPortraitUpsideDown UIInterfaceOrientationLandscapeLeft UIInterfaceOrientationLandscapeRight";
				INFOPLIST_KEY_UISupportedInterfaceOrientations_iPhone = "UIInterfaceOrientationPortrait UIInterfaceOrientationLandscapeLeft UIInterfaceOrientationLandscapeRight";
				LD_RUNPATH_SEARCH_PATHS = (
					"$(inherited)",
					"@executable_path/Frameworks",
				);
				MARKETING_VERSION = 1.0;
				PRODUCT_BUNDLE_IDENTIFIER = com.OctazettE.RickAndMorty;
				PRODUCT_NAME = "$(TARGET_NAME)";
				SWIFT_EMIT_LOC_STRINGS = YES;
				SWIFT_VERSION = 5.0;
				TARGETED_DEVICE_FAMILY = "1,2";
			};
			name = Debug;
		};
		64B8CABB299E084200A97743 /* Release */ = {
			isa = XCBuildConfiguration;
			buildSettings = {
				ASSETCATALOG_COMPILER_APPICON_NAME = AppIcon;
				ASSETCATALOG_COMPILER_GLOBAL_ACCENT_COLOR_NAME = AccentColor;
				CODE_SIGN_STYLE = Automatic;
				CURRENT_PROJECT_VERSION = 1;
				DEVELOPMENT_TEAM = 4AVA4LXVKJ;
				GENERATE_INFOPLIST_FILE = YES;
				INFOPLIST_FILE = RickAndMorty/Info.plist;
				INFOPLIST_KEY_UIApplicationSupportsIndirectInputEvents = YES;
				INFOPLIST_KEY_UILaunchStoryboardName = LaunchScreen;
				INFOPLIST_KEY_UISupportedInterfaceOrientations_iPad = "UIInterfaceOrientationPortrait UIInterfaceOrientationPortraitUpsideDown UIInterfaceOrientationLandscapeLeft UIInterfaceOrientationLandscapeRight";
				INFOPLIST_KEY_UISupportedInterfaceOrientations_iPhone = "UIInterfaceOrientationPortrait UIInterfaceOrientationLandscapeLeft UIInterfaceOrientationLandscapeRight";
				LD_RUNPATH_SEARCH_PATHS = (
					"$(inherited)",
					"@executable_path/Frameworks",
				);
				MARKETING_VERSION = 1.0;
				PRODUCT_BUNDLE_IDENTIFIER = com.OctazettE.RickAndMorty;
				PRODUCT_NAME = "$(TARGET_NAME)";
				SWIFT_EMIT_LOC_STRINGS = YES;
				SWIFT_VERSION = 5.0;
				TARGETED_DEVICE_FAMILY = "1,2";
			};
			name = Release;
		};
/* End XCBuildConfiguration section */

/* Begin XCConfigurationList section */
		64B8CAA0299E084100A97743 /* Build configuration list for PBXProject "RickAndMorty" */ = {
			isa = XCConfigurationList;
			buildConfigurations = (
				64B8CAB7299E084200A97743 /* Debug */,
				64B8CAB8299E084200A97743 /* Release */,
			);
			defaultConfigurationIsVisible = 0;
			defaultConfigurationName = Release;
		};
		64B8CAB9299E084200A97743 /* Build configuration list for PBXNativeTarget "RickAndMorty" */ = {
			isa = XCConfigurationList;
			buildConfigurations = (
				64B8CABA299E084200A97743 /* Debug */,
				64B8CABB299E084200A97743 /* Release */,
			);
			defaultConfigurationIsVisible = 0;
			defaultConfigurationName = Release;
		};
/* End XCConfigurationList section */
	};
	rootObject = 64B8CA9D299E084100A97743 /* Project object */;
}
